// !$*UTF8*$!
{
	archiveVersion = 1;
	classes = {
	};
	objectVersion = 55;
	objects = {

/* Begin PBXBuildFile section */
		3162802326F62F2E0057741A /* DLController.swift in Sources */ = {isa = PBXBuildFile; fileRef = 3162802226F62F2E0057741A /* DLController.swift */; };
		3162802526F62F530057741A /* MLController.swift in Sources */ = {isa = PBXBuildFile; fileRef = 3162802426F62F530057741A /* MLController.swift */; };
		3162802B26F62FB40057741A /* EJPController.swift in Sources */ = {isa = PBXBuildFile; fileRef = 3162802A26F62FB40057741A /* EJPController.swift */; };
		31ED4FB726EDD40100B3C40D /* AppDelegate.swift in Sources */ = {isa = PBXBuildFile; fileRef = 31ED4FB626EDD40100B3C40D /* AppDelegate.swift */; };
		31ED4FB926EDD40100B3C40D /* SceneDelegate.swift in Sources */ = {isa = PBXBuildFile; fileRef = 31ED4FB826EDD40100B3C40D /* SceneDelegate.swift */; };
		31ED4FBB26EDD40100B3C40D /* RootController.swift in Sources */ = {isa = PBXBuildFile; fileRef = 31ED4FBA26EDD40100B3C40D /* RootController.swift */; };
		31ED4FBE26EDD40100B3C40D /* Main.storyboard in Resources */ = {isa = PBXBuildFile; fileRef = 31ED4FBC26EDD40100B3C40D /* Main.storyboard */; };
		31ED4FC026EDD40500B3C40D /* Assets.xcassets in Resources */ = {isa = PBXBuildFile; fileRef = 31ED4FBF26EDD40500B3C40D /* Assets.xcassets */; };
		31ED4FC326EDD40500B3C40D /* LaunchScreen.storyboard in Resources */ = {isa = PBXBuildFile; fileRef = 31ED4FC126EDD40500B3C40D /* LaunchScreen.storyboard */; };
/* End PBXBuildFile section */

/* Begin PBXFileReference section */
		3162802226F62F2E0057741A /* DLController.swift */ = {isa = PBXFileReference; lastKnownFileType = sourcecode.swift; path = DLController.swift; sourceTree = "<group>"; };
		3162802426F62F530057741A /* MLController.swift */ = {isa = PBXFileReference; lastKnownFileType = sourcecode.swift; path = MLController.swift; sourceTree = "<group>"; };
		3162802A26F62FB40057741A /* EJPController.swift */ = {isa = PBXFileReference; lastKnownFileType = sourcecode.swift; path = EJPController.swift; sourceTree = "<group>"; };
		31ED4FB326EDD40100B3C40D /* Lotto2.app */ = {isa = PBXFileReference; explicitFileType = wrapper.application; includeInIndex = 0; path = Lotto2.app; sourceTree = BUILT_PRODUCTS_DIR; };
		31ED4FB626EDD40100B3C40D /* AppDelegate.swift */ = {isa = PBXFileReference; lastKnownFileType = sourcecode.swift; path = AppDelegate.swift; sourceTree = "<group>"; };
		31ED4FB826EDD40100B3C40D /* SceneDelegate.swift */ = {isa = PBXFileReference; lastKnownFileType = sourcecode.swift; path = SceneDelegate.swift; sourceTree = "<group>"; };
		31ED4FBA26EDD40100B3C40D /* RootController.swift */ = {isa = PBXFileReference; lastKnownFileType = sourcecode.swift; path = RootController.swift; sourceTree = "<group>"; };
		31ED4FBD26EDD40100B3C40D /* Base */ = {isa = PBXFileReference; lastKnownFileType = file.storyboard; name = Base; path = Base.lproj/Main.storyboard; sourceTree = "<group>"; };
		31ED4FBF26EDD40500B3C40D /* Assets.xcassets */ = {isa = PBXFileReference; lastKnownFileType = folder.assetcatalog; path = Assets.xcassets; sourceTree = "<group>"; };
		31ED4FC226EDD40500B3C40D /* Base */ = {isa = PBXFileReference; lastKnownFileType = file.storyboard; name = Base; path = Base.lproj/LaunchScreen.storyboard; sourceTree = "<group>"; };
		31ED4FC426EDD40500B3C40D /* Info.plist */ = {isa = PBXFileReference; lastKnownFileType = text.plist.xml; path = Info.plist; sourceTree = "<group>"; };
/* End PBXFileReference section */

/* Begin PBXFrameworksBuildPhase section */
		31ED4FB026EDD40100B3C40D /* Frameworks */ = {
			isa = PBXFrameworksBuildPhase;
			buildActionMask = 2147483647;
			files = (
			);
			runOnlyForDeploymentPostprocessing = 0;
		};
/* End PBXFrameworksBuildPhase section */

/* Begin PBXGroup section */
		31A92D0F26F7360500DF95A8 /* View Controllers */ = {
			isa = PBXGroup;
			children = (
				3162802226F62F2E0057741A /* DLController.swift */,
				3162802426F62F530057741A /* MLController.swift */,
				3162802A26F62FB40057741A /* EJPController.swift */,
			);
			path = "View Controllers";
			sourceTree = "<group>";
		};
		31ED4FAA26EDD40100B3C40D = {
			isa = PBXGroup;
			children = (
				31ED4FB526EDD40100B3C40D /* Lotto2 */,
				31ED4FB426EDD40100B3C40D /* Products */,
			);
			sourceTree = "<group>";
		};
		31ED4FB426EDD40100B3C40D /* Products */ = {
			isa = PBXGroup;
			children = (
				31ED4FB326EDD40100B3C40D /* Lotto2.app */,
			);
			name = Products;
			sourceTree = "<group>";
		};
		31ED4FB526EDD40100B3C40D /* Lotto2 */ = {
			isa = PBXGroup;
			children = (
				31ED4FB626EDD40100B3C40D /* AppDelegate.swift */,
				31ED4FB826EDD40100B3C40D /* SceneDelegate.swift */,
				31ED4FBA26EDD40100B3C40D /* RootController.swift */,
				31A92D0F26F7360500DF95A8 /* View Controllers */,
				31ED4FBC26EDD40100B3C40D /* Main.storyboard */,
				31ED4FBF26EDD40500B3C40D /* Assets.xcassets */,
				31ED4FC126EDD40500B3C40D /* LaunchScreen.storyboard */,
				31ED4FC426EDD40500B3C40D /* Info.plist */,
			);
			path = Lotto2;
			sourceTree = "<group>";
		};
/* End PBXGroup section */

/* Begin PBXNativeTarget section */
		31ED4FB226EDD40100B3C40D /* Lotto2 */ = {
			isa = PBXNativeTarget;
			buildConfigurationList = 31ED4FC726EDD40500B3C40D /* Build configuration list for PBXNativeTarget "Lotto2" */;
			buildPhases = (
				31ED4FAF26EDD40100B3C40D /* Sources */,
				31ED4FB026EDD40100B3C40D /* Frameworks */,
				31ED4FB126EDD40100B3C40D /* Resources */,
			);
			buildRules = (
			);
			dependencies = (
			);
			name = Lotto2;
			productName = Lotto2;
			productReference = 31ED4FB326EDD40100B3C40D /* Lotto2.app */;
			productType = "com.apple.product-type.application";
		};
/* End PBXNativeTarget section */

/* Begin PBXProject section */
		31ED4FAB26EDD40100B3C40D /* Project object */ = {
			isa = PBXProject;
			attributes = {
				BuildIndependentTargetsInParallel = 1;
				LastSwiftUpdateCheck = 1300;
				LastUpgradeCheck = 1300;
				TargetAttributes = {
					31ED4FB226EDD40100B3C40D = {
						CreatedOnToolsVersion = 13.0;
					};
				};
			};
			buildConfigurationList = 31ED4FAE26EDD40100B3C40D /* Build configuration list for PBXProject "Lotto2" */;
			compatibilityVersion = "Xcode 13.0";
			developmentRegion = en;
			hasScannedForEncodings = 0;
			knownRegions = (
				en,
				Base,
			);
			mainGroup = 31ED4FAA26EDD40100B3C40D;
			productRefGroup = 31ED4FB426EDD40100B3C40D /* Products */;
			projectDirPath = "";
			projectRoot = "";
			targets = (
				31ED4FB226EDD40100B3C40D /* Lotto2 */,
			);
		};
/* End PBXProject section */

/* Begin PBXResourcesBuildPhase section */
		31ED4FB126EDD40100B3C40D /* Resources */ = {
			isa = PBXResourcesBuildPhase;
			buildActionMask = 2147483647;
			files = (
				31ED4FC326EDD40500B3C40D /* LaunchScreen.storyboard in Resources */,
				31ED4FC026EDD40500B3C40D /* Assets.xcassets in Resources */,
				31ED4FBE26EDD40100B3C40D /* Main.storyboard in Resources */,
			);
			runOnlyForDeploymentPostprocessing = 0;
		};
/* End PBXResourcesBuildPhase section */

/* Begin PBXSourcesBuildPhase section */
		31ED4FAF26EDD40100B3C40D /* Sources */ = {
			isa = PBXSourcesBuildPhase;
			buildActionMask = 2147483647;
			files = (
				3162802526F62F530057741A /* MLController.swift in Sources */,
				3162802B26F62FB40057741A /* EJPController.swift in Sources */,
				31ED4FBB26EDD40100B3C40D /* RootController.swift in Sources */,
				3162802326F62F2E0057741A /* DLController.swift in Sources */,
				31ED4FB726EDD40100B3C40D /* AppDelegate.swift in Sources */,
				31ED4FB926EDD40100B3C40D /* SceneDelegate.swift in Sources */,
			);
			runOnlyForDeploymentPostprocessing = 0;
		};
/* End PBXSourcesBuildPhase section */

/* Begin PBXVariantGroup section */
		31ED4FBC26EDD40100B3C40D /* Main.storyboard */ = {
			isa = PBXVariantGroup;
			children = (
				31ED4FBD26EDD40100B3C40D /* Base */,
			);
			name = Main.storyboard;
			sourceTree = "<group>";
		};
		31ED4FC126EDD40500B3C40D /* LaunchScreen.storyboard */ = {
			isa = PBXVariantGroup;
			children = (
				31ED4FC226EDD40500B3C40D /* Base */,
			);
			name = LaunchScreen.storyboard;
			sourceTree = "<group>";
		};
/* End PBXVariantGroup section */

/* Begin XCBuildConfiguration section */
		31ED4FC526EDD40500B3C40D /* Debug */ = {
			isa = XCBuildConfiguration;
			buildSettings = {
				ALWAYS_SEARCH_USER_PATHS = NO;
				CLANG_ANALYZER_NONNULL = YES;
				CLANG_ANALYZER_NUMBER_OBJECT_CONVERSION = YES_AGGRESSIVE;
				CLANG_CXX_LANGUAGE_STANDARD = "gnu++14";
				CLANG_CXX_LIBRARY = "libc++";
				CLANG_ENABLE_MODULES = YES;
				CLANG_ENABLE_OBJC_ARC = YES;
				CLANG_ENABLE_OBJC_WEAK = YES;
				CLANG_WARN_BLOCK_CAPTURE_AUTORELEASING = YES;
				CLANG_WARN_BOOL_CONVERSION = YES;
				CLANG_WARN_COMMA = YES;
				CLANG_WARN_CONSTANT_CONVERSION = YES;
				CLANG_WARN_DEPRECATED_OBJC_IMPLEMENTATIONS = YES;
				CLANG_WARN_DIRECT_OBJC_ISA_USAGE = YES_ERROR;
				CLANG_WARN_DOCUMENTATION_COMMENTS = YES;
				CLANG_WARN_EMPTY_BODY = YES;
				CLANG_WARN_ENUM_CONVERSION = YES;
				CLANG_WARN_INFINITE_RECURSION = YES;
				CLANG_WARN_INT_CONVERSION = YES;
				CLANG_WARN_NON_LITERAL_NULL_CONVERSION = YES;
				CLANG_WARN_OBJC_IMPLICIT_RETAIN_SELF = YES;
				CLANG_WARN_OBJC_LITERAL_CONVERSION = YES;
				CLANG_WARN_OBJC_ROOT_CLASS = YES_ERROR;
				CLANG_WARN_QUOTED_INCLUDE_IN_FRAMEWORK_HEADER = YES;
				CLANG_WARN_RANGE_LOOP_ANALYSIS = YES;
				CLANG_WARN_STRICT_PROTOTYPES = YES;
				CLANG_WARN_SUSPICIOUS_MOVE = YES;
				CLANG_WARN_UNGUARDED_AVAILABILITY = YES_AGGRESSIVE;
				CLANG_WARN_UNREACHABLE_CODE = YES;
				CLANG_WARN__DUPLICATE_METHOD_MATCH = YES;
				COPY_PHASE_STRIP = NO;
				DEBUG_INFORMATION_FORMAT = dwarf;
				ENABLE_STRICT_OBJC_MSGSEND = YES;
				ENABLE_TESTABILITY = YES;
				GCC_C_LANGUAGE_STANDARD = gnu11;
				GCC_DYNAMIC_NO_PIC = NO;
				GCC_NO_COMMON_BLOCKS = YES;
				GCC_OPTIMIZATION_LEVEL = 0;
				GCC_PREPROCESSOR_DEFINITIONS = (
					"DEBUG=1",
					"$(inherited)",
				);
				GCC_WARN_64_TO_32_BIT_CONVERSION = YES;
				GCC_WARN_ABOUT_RETURN_TYPE = YES_ERROR;
				GCC_WARN_UNDECLARED_SELECTOR = YES;
				GCC_WARN_UNINITIALIZED_AUTOS = YES_AGGRESSIVE;
				GCC_WARN_UNUSED_FUNCTION = YES;
				GCC_WARN_UNUSED_VARIABLE = YES;
				IPHONEOS_DEPLOYMENT_TARGET = 15.0;
				MTL_ENABLE_DEBUG_INFO = INCLUDE_SOURCE;
				MTL_FAST_MATH = YES;
				ONLY_ACTIVE_ARCH = YES;
				SDKROOT = iphoneos;
				SWIFT_ACTIVE_COMPILATION_CONDITIONS = DEBUG;
				SWIFT_OPTIMIZATION_LEVEL = "-Onone";
			};
			name = Debug;
		};
		31ED4FC626EDD40500B3C40D /* Release */ = {
			isa = XCBuildConfiguration;
			buildSettings = {
				ALWAYS_SEARCH_USER_PATHS = NO;
				CLANG_ANALYZER_NONNULL = YES;
				CLANG_ANALYZER_NUMBER_OBJECT_CONVERSION = YES_AGGRESSIVE;
				CLANG_CXX_LANGUAGE_STANDARD = "gnu++14";
				CLANG_CXX_LIBRARY = "libc++";
				CLANG_ENABLE_MODULES = YES;
				CLANG_ENABLE_OBJC_ARC = YES;
				CLANG_ENABLE_OBJC_WEAK = YES;
				CLANG_WARN_BLOCK_CAPTURE_AUTORELEASING = YES;
				CLANG_WARN_BOOL_CONVERSION = YES;
				CLANG_WARN_COMMA = YES;
				CLANG_WARN_CONSTANT_CONVERSION = YES;
				CLANG_WARN_DEPRECATED_OBJC_IMPLEMENTATIONS = YES;
				CLANG_WARN_DIRECT_OBJC_ISA_USAGE = YES_ERROR;
				CLANG_WARN_DOCUMENTATION_COMMENTS = YES;
				CLANG_WARN_EMPTY_BODY = YES;
				CLANG_WARN_ENUM_CONVERSION = YES;
				CLANG_WARN_INFINITE_RECURSION = YES;
				CLANG_WARN_INT_CONVERSION = YES;
				CLANG_WARN_NON_LITERAL_NULL_CONVERSION = YES;
				CLANG_WARN_OBJC_IMPLICIT_RETAIN_SELF = YES;
				CLANG_WARN_OBJC_LITERAL_CONVERSION = YES;
				CLANG_WARN_OBJC_ROOT_CLASS = YES_ERROR;
				CLANG_WARN_QUOTED_INCLUDE_IN_FRAMEWORK_HEADER = YES;
				CLANG_WARN_RANGE_LOOP_ANALYSIS = YES;
				CLANG_WARN_STRICT_PROTOTYPES = YES;
				CLANG_WARN_SUSPICIOUS_MOVE = YES;
				CLANG_WARN_UNGUARDED_AVAILABILITY = YES_AGGRESSIVE;
				CLANG_WARN_UNREACHABLE_CODE = YES;
				CLANG_WARN__DUPLICATE_METHOD_MATCH = YES;
				COPY_PHASE_STRIP = NO;
				DEBUG_INFORMATION_FORMAT = "dwarf-with-dsym";
				ENABLE_NS_ASSERTIONS = NO;
				ENABLE_STRICT_OBJC_MSGSEND = YES;
				GCC_C_LANGUAGE_STANDARD = gnu11;
				GCC_NO_COMMON_BLOCKS = YES;
				GCC_WARN_64_TO_32_BIT_CONVERSION = YES;
				GCC_WARN_ABOUT_RETURN_TYPE = YES_ERROR;
				GCC_WARN_UNDECLARED_SELECTOR = YES;
				GCC_WARN_UNINITIALIZED_AUTOS = YES_AGGRESSIVE;
				GCC_WARN_UNUSED_FUNCTION = YES;
				GCC_WARN_UNUSED_VARIABLE = YES;
				IPHONEOS_DEPLOYMENT_TARGET = 15.0;
				MTL_ENABLE_DEBUG_INFO = NO;
				MTL_FAST_MATH = YES;
				SDKROOT = iphoneos;
				SWIFT_COMPILATION_MODE = wholemodule;
				SWIFT_OPTIMIZATION_LEVEL = "-O";
				VALIDATE_PRODUCT = YES;
			};
			name = Release;
		};
		31ED4FC826EDD40500B3C40D /* Debug */ = {
			isa = XCBuildConfiguration;
			buildSettings = {
				ASSETCATALOG_COMPILER_APPICON_NAME = AppIcon;
				ASSETCATALOG_COMPILER_GLOBAL_ACCENT_COLOR_NAME = AccentColor;
				CODE_SIGN_STYLE = Automatic;
				CURRENT_PROJECT_VERSION = 1;
				DEVELOPMENT_TEAM = 9SH3CRZKV2;
				GENERATE_INFOPLIST_FILE = YES;
				INFOPLIST_FILE = Lotto2/Info.plist;
				INFOPLIST_KEY_UIApplicationSupportsIndirectInputEvents = YES;
				INFOPLIST_KEY_UILaunchStoryboardName = LaunchScreen;
				INFOPLIST_KEY_UIMainStoryboardFile = Main;
				INFOPLIST_KEY_UISupportedInterfaceOrientations_iPad = "UIInterfaceOrientationPortrait UIInterfaceOrientationPortraitUpsideDown UIInterfaceOrientationLandscapeLeft UIInterfaceOrientationLandscapeRight";
				INFOPLIST_KEY_UISupportedInterfaceOrientations_iPhone = "UIInterfaceOrientationPortrait UIInterfaceOrientationLandscapeLeft UIInterfaceOrientationLandscapeRight";
				LD_RUNPATH_SEARCH_PATHS = (
					"$(inherited)",
					"@executable_path/Frameworks",
				);
				MARKETING_VERSION = 1.0;
				PRODUCT_BUNDLE_IDENTIFIER = com.ShamanPhoenix.Lotto2.Lotto2;
				PRODUCT_NAME = "$(TARGET_NAME)";
				SWIFT_EMIT_LOC_STRINGS = YES;
				SWIFT_VERSION = 5.0;
				TARGETED_DEVICE_FAMILY = "1,2";
			};
			name = Debug;
		};
		31ED4FC926EDD40500B3C40D /* Release */ = {
			isa = XCBuildConfiguration;
			buildSettings = {
				ASSETCATALOG_COMPILER_APPICON_NAME = AppIcon;
				ASSETCATALOG_COMPILER_GLOBAL_ACCENT_COLOR_NAME = AccentColor;
				CODE_SIGN_STYLE = Automatic;
				CURRENT_PROJECT_VERSION = 1;
				DEVELOPMENT_TEAM = 9SH3CRZKV2;
				GENERATE_INFOPLIST_FILE = YES;
				INFOPLIST_FILE = Lotto2/Info.plist;
				INFOPLIST_KEY_UIApplicationSupportsIndirectInputEvents = YES;
				INFOPLIST_KEY_UILaunchStoryboardName = LaunchScreen;
				INFOPLIST_KEY_UIMainStoryboardFile = Main;
				INFOPLIST_KEY_UISupportedInterfaceOrientations_iPad = "UIInterfaceOrientationPortrait UIInterfaceOrientationPortraitUpsideDown UIInterfaceOrientationLandscapeLeft UIInterfaceOrientationLandscapeRight";
				INFOPLIST_KEY_UISupportedInterfaceOrientations_iPhone = "UIInterfaceOrientationPortrait UIInterfaceOrientationLandscapeLeft UIInterfaceOrientationLandscapeRight";
				LD_RUNPATH_SEARCH_PATHS = (
					"$(inherited)",
					"@executable_path/Frameworks",
				);
				MARKETING_VERSION = 1.0;
				PRODUCT_BUNDLE_IDENTIFIER = com.ShamanPhoenix.Lotto2.Lotto2;
				PRODUCT_NAME = "$(TARGET_NAME)";
				SWIFT_EMIT_LOC_STRINGS = YES;
				SWIFT_VERSION = 5.0;
				TARGETED_DEVICE_FAMILY = "1,2";
			};
			name = Release;
		};
/* End XCBuildConfiguration section */

/* Begin XCConfigurationList section */
		31ED4FAE26EDD40100B3C40D /* Build configuration list for PBXProject "Lotto2" */ = {
			isa = XCConfigurationList;
			buildConfigurations = (
				31ED4FC526EDD40500B3C40D /* Debug */,
				31ED4FC626EDD40500B3C40D /* Release */,
			);
			defaultConfigurationIsVisible = 0;
			defaultConfigurationName = Release;
		};
		31ED4FC726EDD40500B3C40D /* Build configuration list for PBXNativeTarget "Lotto2" */ = {
			isa = XCConfigurationList;
			buildConfigurations = (
				31ED4FC826EDD40500B3C40D /* Debug */,
				31ED4FC926EDD40500B3C40D /* Release */,
			);
			defaultConfigurationIsVisible = 0;
			defaultConfigurationName = Release;
		};
/* End XCConfigurationList section */
	};
	rootObject = 31ED4FAB26EDD40100B3C40D /* Project object */;
}
